Microsoft Visual Studio Solution File, Format Version 12.00
# Visual Studio Version 17
VisualStudioVersion = 17.5.2.0
MinimumVisualStudioVersion = 10.0.40219.1
Project("{FAE04EC0-301F-11D3-BF4B-00C04F79EFBC}") = "fluffy-octo-winner", "fluffy-octo-winner.csproj", "{594D74FD-76AF-F6A8-2132-0E60CD0B1217}"
EndProject
Global
	GlobalSection(SolutionConfigurationPlatforms) = preSolution
		Debug|Any CPU = Debug|Any CPU
		Release|Any CPU = Release|Any CPU
	EndGlobalSection
	GlobalSection(ProjectConfigurationPlatforms) = postSolution
		{594D74FD-76AF-F6A8-2132-0E60CD0B1217}.Debug|Any CPU.ActiveCfg = Debug|Any CPU
		{594D74FD-76AF-F6A8-2132-0E60CD0B1217}.Debug|Any CPU.Build.0 = Debug|Any CPU
		{594D74FD-76AF-F6A8-2132-0E60CD0B1217}.Release|Any CPU.ActiveCfg = Release|Any CPU
		{594D74FD-76AF-F6A8-2132-0E60CD0B1217}.Release|Any CPU.Build.0 = Release|Any CPU
	EndGlobalSection
	GlobalSection(SolutionProperties) = preSolution
		HideSolutionNode = FALSE
	EndGlobalSection
	GlobalSection(ExtensibilityGlobals) = postSolution
		SolutionGuid = {3C551285-F436-4D71-B78F-8EF19B369605}
	EndGlobalSection
EndGlobal
